
Microsoft Visual Studio Solution File, Format Version 12.00
# Visual Studio Version 17
VisualStudioVersion = 17.0.31903.59
MinimumVisualStudioVersion = 10.0.40219.1
Project("{9A19103F-16F7-4668-BE54-9A1E7A4F7556}") = "Team Server", "Team Server\Team Server.csproj", "{B01D6569-CBAF-47AE-A237-DBCDA62B4BFF}"
EndProject
Project("{9A19103F-16F7-4668-BE54-9A1E7A4F7556}") = "Team Server Connector", "Team Server Connector\Team Server Connector.csproj", "{DE68FDDC-F3E1-4200-B7A6-7C808D15C39B}"
EndProject
Project("{9A19103F-16F7-4668-BE54-9A1E7A4F7556}") = "Data Store Connector", "Data Store Connector\Data Store Connector.csproj", "{DFDFE29B-31C2-4F3C-9F77-3CC1BDA719FC}"
EndProject
Global
	GlobalSection(SolutionConfigurationPlatforms) = preSolution
		Debug|Any CPU = Debug|Any CPU
		Release|Any CPU = Release|Any CPU
	EndGlobalSection
	GlobalSection(ProjectConfigurationPlatforms) = postSolution
		{B01D6569-CBAF-47AE-A237-DBCDA62B4BFF}.Debug|Any CPU.ActiveCfg = Debug|Any CPU
		{B01D6569-CBAF-47AE-A237-DBCDA62B4BFF}.Debug|Any CPU.Build.0 = Debug|Any CPU
		{B01D6569-CBAF-47AE-A237-DBCDA62B4BFF}.Release|Any CPU.ActiveCfg = Release|Any CPU
		{B01D6569-CBAF-47AE-A237-DBCDA62B4BFF}.Release|Any CPU.Build.0 = Release|Any CPU
		{DE68FDDC-F3E1-4200-B7A6-7C808D15C39B}.Debug|Any CPU.ActiveCfg = Debug|Any CPU
		{DE68FDDC-F3E1-4200-B7A6-7C808D15C39B}.Debug|Any CPU.Build.0 = Debug|Any CPU
		{DE68FDDC-F3E1-4200-B7A6-7C808D15C39B}.Release|Any CPU.ActiveCfg = Release|Any CPU
		{DE68FDDC-F3E1-4200-B7A6-7C808D15C39B}.Release|Any CPU.Build.0 = Release|Any CPU
		{DFDFE29B-31C2-4F3C-9F77-3CC1BDA719FC}.Debug|Any CPU.ActiveCfg = Debug|Any CPU
		{DFDFE29B-31C2-4F3C-9F77-3CC1BDA719FC}.Debug|Any CPU.Build.0 = Debug|Any CPU
		{DFDFE29B-31C2-4F3C-9F77-3CC1BDA719FC}.Release|Any CPU.ActiveCfg = Release|Any CPU
		{DFDFE29B-31C2-4F3C-9F77-3CC1BDA719FC}.Release|Any CPU.Build.0 = Release|Any CPU
	EndGlobalSection
	GlobalSection(SolutionProperties) = preSolution
		HideSolutionNode = FALSE
	EndGlobalSection
	GlobalSection(ExtensibilityGlobals) = postSolution
		SolutionGuid = {0DB6F50E-8B88-4D49-B546-BFEE0B52F7ED}
	EndGlobalSection
EndGlobal
