
Microsoft Visual Studio Solution File, Format Version 12.00
# Visual Studio 2012
Project("{8BC9CEB8-8B4A-11D0-8D11-00A0C91BC942}") = "IRC SHM Spotter\IRC SHM Spotter", "IRC SHM Spotter\IRC SHM Spotter.vcxproj", "{AE3993EF-0FC0-408B-BCB4-D8EC8DB5A5AB}"
EndProject
Global
	GlobalSection(SolutionConfigurationPlatforms) = preSolution
		Debug|Win32 = Debug|Win32
		Release|Win32 = Release|Win32
	EndGlobalSection
	GlobalSection(ProjectConfigurationPlatforms) = postSolution
		{AE3993EF-0FC0-408B-BCB4-D8EC8DB5A5AB}.Debug|Win32.ActiveCfg = Debug|Win32
		{AE3993EF-0FC0-408B-BCB4-D8EC8DB5A5AB}.Debug|Win32.Build.0 = Debug|Win32
		{AE3993EF-0FC0-408B-BCB4-D8EC8DB5A5AB}.Release|Win32.ActiveCfg = Release|Win32
		{AE3993EF-0FC0-408B-BCB4-D8EC8DB5A5AB}.Release|Win32.Build.0 = Release|Win32
	EndGlobalSection
	GlobalSection(SolutionProperties) = preSolution
		HideSolutionNode = FALSE
	EndGlobalSection
EndGlobal
