
Microsoft Visual Studio Solution File, Format Version 12.00
# Visual Studio Version 17
VisualStudioVersion = 17.14.36518.9 d17.14
MinimumVisualStudioVersion = 10.0.40219.1
Project("{FAE04EC0-301F-11D3-BF4B-00C04F79EFBC}") = "PMR UDP Provider", "PMR UDP Provider\PMR UDP Provider.csproj", "{C3E5F8A2-9D4B-4E1C-8F3A-7B6C9D8E5F4A}"
EndProject
Global
	GlobalSection(SolutionConfigurationPlatforms) = preSolution
		Debug|Any CPU = Debug|Any CPU
		Release|Any CPU = Release|Any CPU
	EndGlobalSection
	GlobalSection(ProjectConfigurationPlatforms) = postSolution
		{C3E5F8A2-9D4B-4E1C-8F3A-7B6C9D8E5F4A}.Debug|Any CPU.ActiveCfg = Debug|Any CPU
		{C3E5F8A2-9D4B-4E1C-8F3A-7B6C9D8E5F4A}.Debug|Any CPU.Build.0 = Debug|Any CPU
		{C3E5F8A2-9D4B-4E1C-8F3A-7B6C9D8E5F4A}.Release|Any CPU.ActiveCfg = Release|Any CPU
		{C3E5F8A2-9D4B-4E1C-8F3A-7B6C9D8E5F4A}.Release|Any CPU.Build.0 = Release|Any CPU
	EndGlobalSection
	GlobalSection(SolutionProperties) = preSolution
		HideSolutionNode = FALSE
	EndGlobalSection
	GlobalSection(ExtensibilityGlobals) = postSolution
		SolutionGuid = {23546F91-D795-44C0-BDD1-6E4919B1E076}
	EndGlobalSection
EndGlobal
