
Microsoft Visual Studio Solution File, Format Version 11.00
# Visual Studio 2010
Project("{8BC9CEB8-8B4A-11D0-8D11-00A0C91BC942}") = "AMS2 SHM Spotter", "AMS2 SHM Spotter\AMS2 SHM Spotter.vcxproj", "{0F8E15F7-8365-4955-BC62-F91558F76878}"
EndProject
Global
	GlobalSection(SolutionConfigurationPlatforms) = preSolution
		Debug|Win32 = Debug|Win32
		Release|Win32 = Release|Win32
	EndGlobalSection
	GlobalSection(ProjectConfigurationPlatforms) = postSolution
		{0F8E15F7-8365-4955-BC62-F91558F76878}.Debug|Win32.ActiveCfg = Debug|Win32
		{0F8E15F7-8365-4955-BC62-F91558F76878}.Debug|Win32.Build.0 = Debug|Win32
		{0F8E15F7-8365-4955-BC62-F91558F76878}.Release|Win32.ActiveCfg = Release|Win32
		{0F8E15F7-8365-4955-BC62-F91558F76878}.Release|Win32.Build.0 = Release|Win32
	EndGlobalSection
	GlobalSection(SolutionProperties) = preSolution
		HideSolutionNode = FALSE
	EndGlobalSection
EndGlobal
