
Microsoft Visual Studio Solution File, Format Version 12.00
# Visual Studio Version 17
VisualStudioVersion = 17.7.34031.279
MinimumVisualStudioVersion = 10.0.40219.1
Project("{9A19103F-16F7-4668-BE54-9A1E7A4F7556}") = "Speech Recognizer", "Speech Recognizer\Speech Recognizer.csproj", "{5522D162-1E8B-49C6-B11C-8A485072E9BE}"
EndProject
Global
	GlobalSection(SolutionConfigurationPlatforms) = preSolution
		Debug|Any CPU = Debug|Any CPU
		Release|Any CPU = Release|Any CPU
	EndGlobalSection
	GlobalSection(ProjectConfigurationPlatforms) = postSolution
		{5522D162-1E8B-49C6-B11C-8A485072E9BE}.Debug|Any CPU.ActiveCfg = Debug|Any CPU
		{5522D162-1E8B-49C6-B11C-8A485072E9BE}.Debug|Any CPU.Build.0 = Debug|Any CPU
		{5522D162-1E8B-49C6-B11C-8A485072E9BE}.Release|Any CPU.ActiveCfg = Release|Any CPU
		{5522D162-1E8B-49C6-B11C-8A485072E9BE}.Release|Any CPU.Build.0 = Release|Any CPU
	EndGlobalSection
	GlobalSection(SolutionProperties) = preSolution
		HideSolutionNode = FALSE
	EndGlobalSection
	GlobalSection(ExtensibilityGlobals) = postSolution
		SolutionGuid = {D065E36A-6BA3-4208-82A4-8D876D579DCE}
	EndGlobalSection
EndGlobal
