
Microsoft Visual Studio Solution File, Format Version 12.00
# Visual Studio 15
VisualStudioVersion = 15.0.28010.2048
MinimumVisualStudioVersion = 10.0.40219.1
Project("{FAE04EC0-301F-11D3-BF4B-00C04F79EFBC}") = "ksBroadcastingNetwork", "ksBroadcastingNetwork\ksBroadcastingNetwork.csproj", "{1EF9A746-3771-4052-B61B-04BDB3DC381A}"
EndProject
Project("{FAE04EC0-301F-11D3-BF4B-00C04F79EFBC}") = "ACC UDP Provider", "ACC UDP Provider\ACC UDP Provider.csproj", "{D61DDA03-4BE1-485B-A554-15514058C750}"
EndProject
Global
	GlobalSection(SolutionConfigurationPlatforms) = preSolution
		Debug|Any CPU = Debug|Any CPU
		Release|Any CPU = Release|Any CPU
	EndGlobalSection
	GlobalSection(ProjectConfigurationPlatforms) = postSolution
		{1EF9A746-3771-4052-B61B-04BDB3DC381A}.Debug|Any CPU.ActiveCfg = Debug|Any CPU
		{1EF9A746-3771-4052-B61B-04BDB3DC381A}.Debug|Any CPU.Build.0 = Debug|Any CPU
		{1EF9A746-3771-4052-B61B-04BDB3DC381A}.Release|Any CPU.ActiveCfg = Release|Any CPU
		{1EF9A746-3771-4052-B61B-04BDB3DC381A}.Release|Any CPU.Build.0 = Release|Any CPU
		{D61DDA03-4BE1-485B-A554-15514058C750}.Debug|Any CPU.ActiveCfg = Debug|Any CPU
		{D61DDA03-4BE1-485B-A554-15514058C750}.Debug|Any CPU.Build.0 = Debug|Any CPU
		{D61DDA03-4BE1-485B-A554-15514058C750}.Release|Any CPU.ActiveCfg = Release|Any CPU
		{D61DDA03-4BE1-485B-A554-15514058C750}.Release|Any CPU.Build.0 = Release|Any CPU
	EndGlobalSection
	GlobalSection(SolutionProperties) = preSolution
		HideSolutionNode = FALSE
	EndGlobalSection
	GlobalSection(ExtensibilityGlobals) = postSolution
		SolutionGuid = {90AE47EA-E71B-4785-9BD6-0BE64F348AF9}
	EndGlobalSection
EndGlobal
